// !$*UTF8*$!
{
	archiveVersion = 1;
	classes = {
	};
	objectVersion = 50;
	objects = {

/* Begin PBXBuildFile section */
		CF40A27424A6F16300CBACB4 /* AppDelegate.swift in Sources */ = {isa = PBXBuildFile; fileRef = CF40A27324A6F16300CBACB4 /* AppDelegate.swift */; };
		CF40A27624A6F16300CBACB4 /* SceneDelegate.swift in Sources */ = {isa = PBXBuildFile; fileRef = CF40A27524A6F16300CBACB4 /* SceneDelegate.swift */; };
		CF40A27824A6F16300CBACB4 /* PostDetailViewController.swift in Sources */ = {isa = PBXBuildFile; fileRef = CF40A27724A6F16300CBACB4 /* PostDetailViewController.swift */; };
		CF40A27B24A6F16300CBACB4 /* Main.storyboard in Resources */ = {isa = PBXBuildFile; fileRef = CF40A27924A6F16300CBACB4 /* Main.storyboard */; };
		CF40A27D24A6F16600CBACB4 /* Assets.xcassets in Resources */ = {isa = PBXBuildFile; fileRef = CF40A27C24A6F16600CBACB4 /* Assets.xcassets */; };
		CF40A28024A6F16600CBACB4 /* LaunchScreen.storyboard in Resources */ = {isa = PBXBuildFile; fileRef = CF40A27E24A6F16600CBACB4 /* LaunchScreen.storyboard */; };
		CF40A28824A6FA5000CBACB4 /* FeedTableViewController.swift in Sources */ = {isa = PBXBuildFile; fileRef = CF40A28724A6FA5000CBACB4 /* FeedTableViewController.swift */; };
		CF40A28A24A6FA8300CBACB4 /* Post.swift in Sources */ = {isa = PBXBuildFile; fileRef = CF40A28924A6FA8300CBACB4 /* Post.swift */; };
		CF40A28C24A6FA9000CBACB4 /* Comment.swift in Sources */ = {isa = PBXBuildFile; fileRef = CF40A28B24A6FA9000CBACB4 /* Comment.swift */; };
		CF40A29124A6FAE400CBACB4 /* PostTableViewCell.swift in Sources */ = {isa = PBXBuildFile; fileRef = CF40A29024A6FAE400CBACB4 /* PostTableViewCell.swift */; };
/* End PBXBuildFile section */

/* Begin PBXFileReference section */
		CF40A27024A6F16300CBACB4 /* GreenGear.app */ = {isa = PBXFileReference; explicitFileType = wrapper.application; includeInIndex = 0; path = GreenGear.app; sourceTree = BUILT_PRODUCTS_DIR; };
		CF40A27324A6F16300CBACB4 /* AppDelegate.swift */ = {isa = PBXFileReference; lastKnownFileType = sourcecode.swift; path = AppDelegate.swift; sourceTree = "<group>"; };
		CF40A27524A6F16300CBACB4 /* SceneDelegate.swift */ = {isa = PBXFileReference; lastKnownFileType = sourcecode.swift; path = SceneDelegate.swift; sourceTree = "<group>"; };
		CF40A27724A6F16300CBACB4 /* PostDetailViewController.swift */ = {isa = PBXFileReference; lastKnownFileType = sourcecode.swift; path = PostDetailViewController.swift; sourceTree = "<group>"; };
		CF40A27A24A6F16300CBACB4 /* Base */ = {isa = PBXFileReference; lastKnownFileType = file.storyboard; name = Base; path = Base.lproj/Main.storyboard; sourceTree = "<group>"; };
		CF40A27C24A6F16600CBACB4 /* Assets.xcassets */ = {isa = PBXFileReference; lastKnownFileType = folder.assetcatalog; path = Assets.xcassets; sourceTree = "<group>"; };
		CF40A27F24A6F16600CBACB4 /* Base */ = {isa = PBXFileReference; lastKnownFileType = file.storyboard; name = Base; path = Base.lproj/LaunchScreen.storyboard; sourceTree = "<group>"; };
		CF40A28124A6F16600CBACB4 /* Info.plist */ = {isa = PBXFileReference; lastKnownFileType = text.plist.xml; path = Info.plist; sourceTree = "<group>"; };
		CF40A28724A6FA5000CBACB4 /* FeedTableViewController.swift */ = {isa = PBXFileReference; lastKnownFileType = sourcecode.swift; path = FeedTableViewController.swift; sourceTree = "<group>"; };
		CF40A28924A6FA8300CBACB4 /* Post.swift */ = {isa = PBXFileReference; lastKnownFileType = sourcecode.swift; path = Post.swift; sourceTree = "<group>"; };
		CF40A28B24A6FA9000CBACB4 /* Comment.swift */ = {isa = PBXFileReference; lastKnownFileType = sourcecode.swift; path = Comment.swift; sourceTree = "<group>"; };
		CF40A29024A6FAE400CBACB4 /* PostTableViewCell.swift */ = {isa = PBXFileReference; lastKnownFileType = sourcecode.swift; path = PostTableViewCell.swift; sourceTree = "<group>"; };
/* End PBXFileReference section */

/* Begin PBXFrameworksBuildPhase section */
		CF40A26D24A6F16300CBACB4 /* Frameworks */ = {
			isa = PBXFrameworksBuildPhase;
			buildActionMask = 2147483647;
			files = (
			);
			runOnlyForDeploymentPostprocessing = 0;
		};
/* End PBXFrameworksBuildPhase section */

/* Begin PBXGroup section */
		CF40A26724A6F16300CBACB4 = {
			isa = PBXGroup;
			children = (
				CF40A27224A6F16300CBACB4 /* GreenGear */,
				CF40A27124A6F16300CBACB4 /* Products */,
			);
			sourceTree = "<group>";
		};
		CF40A27124A6F16300CBACB4 /* Products */ = {
			isa = PBXGroup;
			children = (
				CF40A27024A6F16300CBACB4 /* GreenGear.app */,
			);
			name = Products;
			sourceTree = "<group>";
		};
		CF40A27224A6F16300CBACB4 /* GreenGear */ = {
			isa = PBXGroup;
			children = (
				CF40A28F24A6FAC300CBACB4 /* Models */,
				CF40A28E24A6FABE00CBACB4 /* Views */,
				CF40A28D24A6FAB400CBACB4 /* Controllers */,
				CF40A27324A6F16300CBACB4 /* AppDelegate.swift */,
				CF40A27524A6F16300CBACB4 /* SceneDelegate.swift */,
				CF40A27924A6F16300CBACB4 /* Main.storyboard */,
				CF40A27C24A6F16600CBACB4 /* Assets.xcassets */,
				CF40A27E24A6F16600CBACB4 /* LaunchScreen.storyboard */,
				CF40A28124A6F16600CBACB4 /* Info.plist */,
			);
			path = GreenGear;
			sourceTree = "<group>";
		};
		CF40A28D24A6FAB400CBACB4 /* Controllers */ = {
			isa = PBXGroup;
			children = (
				CF40A27724A6F16300CBACB4 /* PostDetailViewController.swift */,
				CF40A28724A6FA5000CBACB4 /* FeedTableViewController.swift */,
			);
			path = Controllers;
			sourceTree = "<group>";
		};
		CF40A28E24A6FABE00CBACB4 /* Views */ = {
			isa = PBXGroup;
			children = (
				CF40A29024A6FAE400CBACB4 /* PostTableViewCell.swift */,
			);
			path = Views;
			sourceTree = "<group>";
		};
		CF40A28F24A6FAC300CBACB4 /* Models */ = {
			isa = PBXGroup;
			children = (
				CF40A28924A6FA8300CBACB4 /* Post.swift */,
				CF40A28B24A6FA9000CBACB4 /* Comment.swift */,
			);
			path = Models;
			sourceTree = "<group>";
		};
/* End PBXGroup section */

/* Begin PBXNativeTarget section */
		CF40A26F24A6F16300CBACB4 /* GreenGear */ = {
			isa = PBXNativeTarget;
			buildConfigurationList = CF40A28424A6F16600CBACB4 /* Build configuration list for PBXNativeTarget "GreenGear" */;
			buildPhases = (
				CF40A26C24A6F16300CBACB4 /* Sources */,
				CF40A26D24A6F16300CBACB4 /* Frameworks */,
				CF40A26E24A6F16300CBACB4 /* Resources */,
			);
			buildRules = (
			);
			dependencies = (
			);
			name = GreenGear;
			productName = GreenGear;
			productReference = CF40A27024A6F16300CBACB4 /* GreenGear.app */;
			productType = "com.apple.product-type.application";
		};
/* End PBXNativeTarget section */

/* Begin PBXProject section */
		CF40A26824A6F16300CBACB4 /* Project object */ = {
			isa = PBXProject;
			attributes = {
				LastSwiftUpdateCheck = 1130;
				LastUpgradeCheck = 1130;
				ORGANIZATIONNAME = "Anika Morris";
				TargetAttributes = {
					CF40A26F24A6F16300CBACB4 = {
						CreatedOnToolsVersion = 11.3.1;
					};
				};
			};
			buildConfigurationList = CF40A26B24A6F16300CBACB4 /* Build configuration list for PBXProject "GreenGear" */;
			compatibilityVersion = "Xcode 9.3";
			developmentRegion = en;
			hasScannedForEncodings = 0;
			knownRegions = (
				en,
				Base,
			);
			mainGroup = CF40A26724A6F16300CBACB4;
			productRefGroup = CF40A27124A6F16300CBACB4 /* Products */;
			projectDirPath = "";
			projectRoot = "";
			targets = (
				CF40A26F24A6F16300CBACB4 /* GreenGear */,
			);
		};
/* End PBXProject section */

/* Begin PBXResourcesBuildPhase section */
		CF40A26E24A6F16300CBACB4 /* Resources */ = {
			isa = PBXResourcesBuildPhase;
			buildActionMask = 2147483647;
			files = (
				CF40A28024A6F16600CBACB4 /* LaunchScreen.storyboard in Resources */,
				CF40A27D24A6F16600CBACB4 /* Assets.xcassets in Resources */,
				CF40A27B24A6F16300CBACB4 /* Main.storyboard in Resources */,
			);
			runOnlyForDeploymentPostprocessing = 0;
		};
/* End PBXResourcesBuildPhase section */

/* Begin PBXSourcesBuildPhase section */
		CF40A26C24A6F16300CBACB4 /* Sources */ = {
			isa = PBXSourcesBuildPhase;
			buildActionMask = 2147483647;
			files = (
				CF40A29124A6FAE400CBACB4 /* PostTableViewCell.swift in Sources */,
				CF40A27824A6F16300CBACB4 /* PostDetailViewController.swift in Sources */,
				CF40A28C24A6FA9000CBACB4 /* Comment.swift in Sources */,
				CF40A27424A6F16300CBACB4 /* AppDelegate.swift in Sources */,
				CF40A27624A6F16300CBACB4 /* SceneDelegate.swift in Sources */,
				CF40A28824A6FA5000CBACB4 /* FeedTableViewController.swift in Sources */,
				CF40A28A24A6FA8300CBACB4 /* Post.swift in Sources */,
			);
			runOnlyForDeploymentPostprocessing = 0;
		};
/* End PBXSourcesBuildPhase section */

/* Begin PBXVariantGroup section */
		CF40A27924A6F16300CBACB4 /* Main.storyboard */ = {
			isa = PBXVariantGroup;
			children = (
				CF40A27A24A6F16300CBACB4 /* Base */,
			);
			name = Main.storyboard;
			sourceTree = "<group>";
		};
		CF40A27E24A6F16600CBACB4 /* LaunchScreen.storyboard */ = {
			isa = PBXVariantGroup;
			children = (
				CF40A27F24A6F16600CBACB4 /* Base */,
			);
			name = LaunchScreen.storyboard;
			sourceTree = "<group>";
		};
/* End PBXVariantGroup section */

/* Begin XCBuildConfiguration section */
		CF40A28224A6F16600CBACB4 /* Debug */ = {
			isa = XCBuildConfiguration;
			buildSettings = {
				ALWAYS_SEARCH_USER_PATHS = NO;
				CLANG_ANALYZER_NONNULL = YES;
				CLANG_ANALYZER_NUMBER_OBJECT_CONVERSION = YES_AGGRESSIVE;
				CLANG_CXX_LANGUAGE_STANDARD = "gnu++14";
				CLANG_CXX_LIBRARY = "libc++";
				CLANG_ENABLE_MODULES = YES;
				CLANG_ENABLE_OBJC_ARC = YES;
				CLANG_ENABLE_OBJC_WEAK = YES;
				CLANG_WARN_BLOCK_CAPTURE_AUTORELEASING = YES;
				CLANG_WARN_BOOL_CONVERSION = YES;
				CLANG_WARN_COMMA = YES;
				CLANG_WARN_CONSTANT_CONVERSION = YES;
				CLANG_WARN_DEPRECATED_OBJC_IMPLEMENTATIONS = YES;
				CLANG_WARN_DIRECT_OBJC_ISA_USAGE = YES_ERROR;
				CLANG_WARN_DOCUMENTATION_COMMENTS = YES;
				CLANG_WARN_EMPTY_BODY = YES;
				CLANG_WARN_ENUM_CONVERSION = YES;
				CLANG_WARN_INFINITE_RECURSION = YES;
				CLANG_WARN_INT_CONVERSION = YES;
				CLANG_WARN_NON_LITERAL_NULL_CONVERSION = YES;
				CLANG_WARN_OBJC_IMPLICIT_RETAIN_SELF = YES;
				CLANG_WARN_OBJC_LITERAL_CONVERSION = YES;
				CLANG_WARN_OBJC_ROOT_CLASS = YES_ERROR;
				CLANG_WARN_RANGE_LOOP_ANALYSIS = YES;
				CLANG_WARN_STRICT_PROTOTYPES = YES;
				CLANG_WARN_SUSPICIOUS_MOVE = YES;
				CLANG_WARN_UNGUARDED_AVAILABILITY = YES_AGGRESSIVE;
				CLANG_WARN_UNREACHABLE_CODE = YES;
				CLANG_WARN__DUPLICATE_METHOD_MATCH = YES;
				COPY_PHASE_STRIP = NO;
				DEBUG_INFORMATION_FORMAT = dwarf;
				ENABLE_STRICT_OBJC_MSGSEND = YES;
				ENABLE_TESTABILITY = YES;
				GCC_C_LANGUAGE_STANDARD = gnu11;
				GCC_DYNAMIC_NO_PIC = NO;
				GCC_NO_COMMON_BLOCKS = YES;
				GCC_OPTIMIZATION_LEVEL = 0;
				GCC_PREPROCESSOR_DEFINITIONS = (
					"DEBUG=1",
					"$(inherited)",
				);
				GCC_WARN_64_TO_32_BIT_CONVERSION = YES;
				GCC_WARN_ABOUT_RETURN_TYPE = YES_ERROR;
				GCC_WARN_UNDECLARED_SELECTOR = YES;
				GCC_WARN_UNINITIALIZED_AUTOS = YES_AGGRESSIVE;
				GCC_WARN_UNUSED_FUNCTION = YES;
				GCC_WARN_UNUSED_VARIABLE = YES;
				IPHONEOS_DEPLOYMENT_TARGET = 13.2;
				MTL_ENABLE_DEBUG_INFO = INCLUDE_SOURCE;
				MTL_FAST_MATH = YES;
				ONLY_ACTIVE_ARCH = YES;
				SDKROOT = iphoneos;
				SWIFT_ACTIVE_COMPILATION_CONDITIONS = DEBUG;
				SWIFT_OPTIMIZATION_LEVEL = "-Onone";
			};
			name = Debug;
		};
		CF40A28324A6F16600CBACB4 /* Release */ = {
			isa = XCBuildConfiguration;
			buildSettings = {
				ALWAYS_SEARCH_USER_PATHS = NO;
				CLANG_ANALYZER_NONNULL = YES;
				CLANG_ANALYZER_NUMBER_OBJECT_CONVERSION = YES_AGGRESSIVE;
				CLANG_CXX_LANGUAGE_STANDARD = "gnu++14";
				CLANG_CXX_LIBRARY = "libc++";
				CLANG_ENABLE_MODULES = YES;
				CLANG_ENABLE_OBJC_ARC = YES;
				CLANG_ENABLE_OBJC_WEAK = YES;
				CLANG_WARN_BLOCK_CAPTURE_AUTORELEASING = YES;
				CLANG_WARN_BOOL_CONVERSION = YES;
				CLANG_WARN_COMMA = YES;
				CLANG_WARN_CONSTANT_CONVERSION = YES;
				CLANG_WARN_DEPRECATED_OBJC_IMPLEMENTATIONS = YES;
				CLANG_WARN_DIRECT_OBJC_ISA_USAGE = YES_ERROR;
				CLANG_WARN_DOCUMENTATION_COMMENTS = YES;
				CLANG_WARN_EMPTY_BODY = YES;
				CLANG_WARN_ENUM_CONVERSION = YES;
				CLANG_WARN_INFINITE_RECURSION = YES;
				CLANG_WARN_INT_CONVERSION = YES;
				CLANG_WARN_NON_LITERAL_NULL_CONVERSION = YES;
				CLANG_WARN_OBJC_IMPLICIT_RETAIN_SELF = YES;
				CLANG_WARN_OBJC_LITERAL_CONVERSION = YES;
				CLANG_WARN_OBJC_ROOT_CLASS = YES_ERROR;
				CLANG_WARN_RANGE_LOOP_ANALYSIS = YES;
				CLANG_WARN_STRICT_PROTOTYPES = YES;
				CLANG_WARN_SUSPICIOUS_MOVE = YES;
				CLANG_WARN_UNGUARDED_AVAILABILITY = YES_AGGRESSIVE;
				CLANG_WARN_UNREACHABLE_CODE = YES;
				CLANG_WARN__DUPLICATE_METHOD_MATCH = YES;
				COPY_PHASE_STRIP = NO;
				DEBUG_INFORMATION_FORMAT = "dwarf-with-dsym";
				ENABLE_NS_ASSERTIONS = NO;
				ENABLE_STRICT_OBJC_MSGSEND = YES;
				GCC_C_LANGUAGE_STANDARD = gnu11;
				GCC_NO_COMMON_BLOCKS = YES;
				GCC_WARN_64_TO_32_BIT_CONVERSION = YES;
				GCC_WARN_ABOUT_RETURN_TYPE = YES_ERROR;
				GCC_WARN_UNDECLARED_SELECTOR = YES;
				GCC_WARN_UNINITIALIZED_AUTOS = YES_AGGRESSIVE;
				GCC_WARN_UNUSED_FUNCTION = YES;
				GCC_WARN_UNUSED_VARIABLE = YES;
				IPHONEOS_DEPLOYMENT_TARGET = 13.2;
				MTL_ENABLE_DEBUG_INFO = NO;
				MTL_FAST_MATH = YES;
				SDKROOT = iphoneos;
				SWIFT_COMPILATION_MODE = wholemodule;
				SWIFT_OPTIMIZATION_LEVEL = "-O";
				VALIDATE_PRODUCT = YES;
			};
			name = Release;
		};
		CF40A28524A6F16600CBACB4 /* Debug */ = {
			isa = XCBuildConfiguration;
			buildSettings = {
				ASSETCATALOG_COMPILER_APPICON_NAME = AppIcon;
				CODE_SIGN_STYLE = Automatic;
				DEVELOPMENT_TEAM = HXYM5H2DXG;
				INFOPLIST_FILE = GreenGear/Info.plist;
				LD_RUNPATH_SEARCH_PATHS = (
					"$(inherited)",
					"@executable_path/Frameworks",
				);
				PRODUCT_BUNDLE_IDENTIFIER = com.anikamorris.GreenGear;
				PRODUCT_NAME = "$(TARGET_NAME)";
				SWIFT_VERSION = 5.0;
				TARGETED_DEVICE_FAMILY = "1,2";
			};
			name = Debug;
		};
		CF40A28624A6F16600CBACB4 /* Release */ = {
			isa = XCBuildConfiguration;
			buildSettings = {
				ASSETCATALOG_COMPILER_APPICON_NAME = AppIcon;
				CODE_SIGN_STYLE = Automatic;
				DEVELOPMENT_TEAM = HXYM5H2DXG;
				INFOPLIST_FILE = GreenGear/Info.plist;
				LD_RUNPATH_SEARCH_PATHS = (
					"$(inherited)",
					"@executable_path/Frameworks",
				);
				PRODUCT_BUNDLE_IDENTIFIER = com.anikamorris.GreenGear;
				PRODUCT_NAME = "$(TARGET_NAME)";
				SWIFT_VERSION = 5.0;
				TARGETED_DEVICE_FAMILY = "1,2";
			};
			name = Release;
		};
/* End XCBuildConfiguration section */

/* Begin XCConfigurationList section */
		CF40A26B24A6F16300CBACB4 /* Build configuration list for PBXProject "GreenGear" */ = {
			isa = XCConfigurationList;
			buildConfigurations = (
				CF40A28224A6F16600CBACB4 /* Debug */,
				CF40A28324A6F16600CBACB4 /* Release */,
			);
			defaultConfigurationIsVisible = 0;
			defaultConfigurationName = Release;
		};
		CF40A28424A6F16600CBACB4 /* Build configuration list for PBXNativeTarget "GreenGear" */ = {
			isa = XCConfigurationList;
			buildConfigurations = (
				CF40A28524A6F16600CBACB4 /* Debug */,
				CF40A28624A6F16600CBACB4 /* Release */,
			);
			defaultConfigurationIsVisible = 0;
			defaultConfigurationName = Release;
		};
/* End XCConfigurationList section */
	};
	rootObject = CF40A26824A6F16300CBACB4 /* Project object */;
}
